// !$*UTF8*$!
{
	archiveVersion = 1;
	classes = {
	};
	objectVersion = 56;
	objects = {

/* Begin PBXBuildFile section */
		EB4EFA2C29F5B5CF00100DCE /* GroceryStoreFirebaseApp.swift in Sources */ = {isa = PBXBuildFile; fileRef = EB4EFA2B29F5B5CF00100DCE /* GroceryStoreFirebaseApp.swift */; };
		EB4EFA2E29F5B5CF00100DCE /* ContentView.swift in Sources */ = {isa = PBXBuildFile; fileRef = EB4EFA2D29F5B5CF00100DCE /* ContentView.swift */; };
		EB4EFA3029F5B5D400100DCE /* Assets.xcassets in Resources */ = {isa = PBXBuildFile; fileRef = EB4EFA2F29F5B5D400100DCE /* Assets.xcassets */; };
		EB4EFA3329F5B5D400100DCE /* Preview Assets.xcassets in Resources */ = {isa = PBXBuildFile; fileRef = EB4EFA3229F5B5D400100DCE /* Preview Assets.xcassets */; };
		EB4EFA3B29F5B8E200100DCE /* FirebaseAnalytics in Frameworks */ = {isa = PBXBuildFile; productRef = EB4EFA3A29F5B8E200100DCE /* FirebaseAnalytics */; };
		EB4EFA3D29F5B8E200100DCE /* FirebaseAnalyticsSwift in Frameworks */ = {isa = PBXBuildFile; productRef = EB4EFA3C29F5B8E200100DCE /* FirebaseAnalyticsSwift */; };
		EB4EFA3F29F5B8E200100DCE /* FirebaseDatabase in Frameworks */ = {isa = PBXBuildFile; productRef = EB4EFA3E29F5B8E200100DCE /* FirebaseDatabase */; };
		EB4EFA4129F5B8E200100DCE /* FirebaseFirestore in Frameworks */ = {isa = PBXBuildFile; productRef = EB4EFA4029F5B8E200100DCE /* FirebaseFirestore */; };
		EB4EFA4329F5B8E200100DCE /* FirebaseFirestoreSwift in Frameworks */ = {isa = PBXBuildFile; productRef = EB4EFA4229F5B8E200100DCE /* FirebaseFirestoreSwift */; };
		EB4EFA4D29F676A600100DCE /* View+Extension.swift in Sources */ = {isa = PBXBuildFile; fileRef = EB4EFA4C29F676A600100DCE /* View+Extension.swift */; };
		EB4EFA4F29F676FF00100DCE /* Constants.swift in Sources */ = {isa = PBXBuildFile; fileRef = EB4EFA4E29F676FF00100DCE /* Constants.swift */; };
		EB4EFA5129F679EE00100DCE /* StoreModel.swift in Sources */ = {isa = PBXBuildFile; fileRef = EB4EFA5029F679EE00100DCE /* StoreModel.swift */; };
		EB4EFA5329F6BDAF00100DCE /* FirestoreManager.swift in Sources */ = {isa = PBXBuildFile; fileRef = EB4EFA5229F6BDAE00100DCE /* FirestoreManager.swift */; };
		EB4EFA5529F6C26A00100DCE /* AddStoreViewModel.swift in Sources */ = {isa = PBXBuildFile; fileRef = EB4EFA5429F6C26A00100DCE /* AddStoreViewModel.swift */; };
		EB4EFA5B29F6C60500100DCE /* AddStoreView.swift in Sources */ = {isa = PBXBuildFile; fileRef = EB4EFA5A29F6C60500100DCE /* AddStoreView.swift */; };
		EB6EA2F129F947FA00B4C88C /* GoogleService-Info.plist in Resources */ = {isa = PBXBuildFile; fileRef = EB6EA2F029F947F900B4C88C /* GoogleService-Info.plist */; };
/* End PBXBuildFile section */

/* Begin PBXFileReference section */
		EB4EFA2829F5B5CF00100DCE /* GroceryStoreFirebase.app */ = {isa = PBXFileReference; explicitFileType = wrapper.application; includeInIndex = 0; path = GroceryStoreFirebase.app; sourceTree = BUILT_PRODUCTS_DIR; };
		EB4EFA2B29F5B5CF00100DCE /* GroceryStoreFirebaseApp.swift */ = {isa = PBXFileReference; lastKnownFileType = sourcecode.swift; path = GroceryStoreFirebaseApp.swift; sourceTree = "<group>"; };
		EB4EFA2D29F5B5CF00100DCE /* ContentView.swift */ = {isa = PBXFileReference; lastKnownFileType = sourcecode.swift; path = ContentView.swift; sourceTree = "<group>"; };
		EB4EFA2F29F5B5D400100DCE /* Assets.xcassets */ = {isa = PBXFileReference; lastKnownFileType = folder.assetcatalog; path = Assets.xcassets; sourceTree = "<group>"; };
		EB4EFA3229F5B5D400100DCE /* Preview Assets.xcassets */ = {isa = PBXFileReference; lastKnownFileType = folder.assetcatalog; path = "Preview Assets.xcassets"; sourceTree = "<group>"; };
		EB4EFA4C29F676A600100DCE /* View+Extension.swift */ = {isa = PBXFileReference; lastKnownFileType = sourcecode.swift; path = "View+Extension.swift"; sourceTree = "<group>"; };
		EB4EFA4E29F676FF00100DCE /* Constants.swift */ = {isa = PBXFileReference; lastKnownFileType = sourcecode.swift; path = Constants.swift; sourceTree = "<group>"; };
		EB4EFA5029F679EE00100DCE /* StoreModel.swift */ = {isa = PBXFileReference; lastKnownFileType = sourcecode.swift; path = StoreModel.swift; sourceTree = "<group>"; };
		EB4EFA5229F6BDAE00100DCE /* FirestoreManager.swift */ = {isa = PBXFileReference; lastKnownFileType = sourcecode.swift; path = FirestoreManager.swift; sourceTree = "<group>"; };
		EB4EFA5429F6C26A00100DCE /* AddStoreViewModel.swift */ = {isa = PBXFileReference; lastKnownFileType = sourcecode.swift; path = AddStoreViewModel.swift; sourceTree = "<group>"; };
		EB4EFA5A29F6C60500100DCE /* AddStoreView.swift */ = {isa = PBXFileReference; lastKnownFileType = sourcecode.swift; path = AddStoreView.swift; sourceTree = "<group>"; };
		EB6EA2F029F947F900B4C88C /* GoogleService-Info.plist */ = {isa = PBXFileReference; fileEncoding = 4; lastKnownFileType = text.plist.xml; name = "GoogleService-Info.plist"; path = "../../../GoogleService-Info.plist"; sourceTree = "<group>"; };
/* End PBXFileReference section */

/* Begin PBXFrameworksBuildPhase section */
		EB4EFA2529F5B5CF00100DCE /* Frameworks */ = {
			isa = PBXFrameworksBuildPhase;
			buildActionMask = 2147483647;
			files = (
				EB4EFA4329F5B8E200100DCE /* FirebaseFirestoreSwift in Frameworks */,
				EB4EFA3F29F5B8E200100DCE /* FirebaseDatabase in Frameworks */,
				EB4EFA4129F5B8E200100DCE /* FirebaseFirestore in Frameworks */,
				EB4EFA3D29F5B8E200100DCE /* FirebaseAnalyticsSwift in Frameworks */,
				EB4EFA3B29F5B8E200100DCE /* FirebaseAnalytics in Frameworks */,
			);
			runOnlyForDeploymentPostprocessing = 0;
		};
/* End PBXFrameworksBuildPhase section */

/* Begin PBXGroup section */
		EB4EFA1F29F5B5CF00100DCE = {
			isa = PBXGroup;
			children = (
				EB4EFA2A29F5B5CF00100DCE /* GroceryStoreFirebase */,
				EB4EFA2929F5B5CF00100DCE /* Products */,
			);
			sourceTree = "<group>";
		};
		EB4EFA2929F5B5CF00100DCE /* Products */ = {
			isa = PBXGroup;
			children = (
				EB4EFA2829F5B5CF00100DCE /* GroceryStoreFirebase.app */,
			);
			name = Products;
			sourceTree = "<group>";
		};
		EB4EFA2A29F5B5CF00100DCE /* GroceryStoreFirebase */ = {
			isa = PBXGroup;
			children = (
				EB4EFA4929F5BA2A00100DCE /* Model */,
				EB4EFA4829F5BA1500100DCE /* View */,
				EB4EFA4729F5B93D00100DCE /* ViewModel */,
				EB4EFA4629F5B92B00100DCE /* Managers */,
				EB4EFA4529F5B91500100DCE /* Extensions */,
				EB4EFA4429F5B90600100DCE /* Utilities */,
				EB4EFA2B29F5B5CF00100DCE /* GroceryStoreFirebaseApp.swift */,
				EB4EFA2D29F5B5CF00100DCE /* ContentView.swift */,
				EB6EA2F029F947F900B4C88C /* GoogleService-Info.plist */,
				EB4EFA2F29F5B5D400100DCE /* Assets.xcassets */,
				EB4EFA3129F5B5D400100DCE /* Preview Content */,
			);
			path = GroceryStoreFirebase;
			sourceTree = "<group>";
		};
		EB4EFA3129F5B5D400100DCE /* Preview Content */ = {
			isa = PBXGroup;
			children = (
				EB4EFA3229F5B5D400100DCE /* Preview Assets.xcassets */,
			);
			path = "Preview Content";
			sourceTree = "<group>";
		};
		EB4EFA4429F5B90600100DCE /* Utilities */ = {
			isa = PBXGroup;
			children = (
				EB4EFA4E29F676FF00100DCE /* Constants.swift */,
			);
			path = Utilities;
			sourceTree = "<group>";
		};
		EB4EFA4529F5B91500100DCE /* Extensions */ = {
			isa = PBXGroup;
			children = (
				EB4EFA4C29F676A600100DCE /* View+Extension.swift */,
			);
			path = Extensions;
			sourceTree = "<group>";
		};
		EB4EFA4629F5B92B00100DCE /* Managers */ = {
			isa = PBXGroup;
			children = (
				EB4EFA5229F6BDAE00100DCE /* FirestoreManager.swift */,
			);
			path = Managers;
			sourceTree = "<group>";
		};
		EB4EFA4729F5B93D00100DCE /* ViewModel */ = {
			isa = PBXGroup;
			children = (
				EB4EFA5429F6C26A00100DCE /* AddStoreViewModel.swift */,
			);
			path = ViewModel;
			sourceTree = "<group>";
		};
		EB4EFA4829F5BA1500100DCE /* View */ = {
			isa = PBXGroup;
			children = (
				EB4EFA5A29F6C60500100DCE /* AddStoreView.swift */,
			);
			path = View;
			sourceTree = "<group>";
		};
		EB4EFA4929F5BA2A00100DCE /* Model */ = {
			isa = PBXGroup;
			children = (
				EB4EFA5029F679EE00100DCE /* StoreModel.swift */,
			);
			path = Model;
			sourceTree = "<group>";
		};
/* End PBXGroup section */

/* Begin PBXNativeTarget section */
		EB4EFA2729F5B5CF00100DCE /* GroceryStoreFirebase */ = {
			isa = PBXNativeTarget;
			buildConfigurationList = EB4EFA3629F5B5D400100DCE /* Build configuration list for PBXNativeTarget "GroceryStoreFirebase" */;
			buildPhases = (
				EB4EFA2429F5B5CF00100DCE /* Sources */,
				EB4EFA2529F5B5CF00100DCE /* Frameworks */,
				EB4EFA2629F5B5CF00100DCE /* Resources */,
			);
			buildRules = (
			);
			dependencies = (
			);
			name = GroceryStoreFirebase;
			packageProductDependencies = (
				EB4EFA3A29F5B8E200100DCE /* FirebaseAnalytics */,
				EB4EFA3C29F5B8E200100DCE /* FirebaseAnalyticsSwift */,
				EB4EFA3E29F5B8E200100DCE /* FirebaseDatabase */,
				EB4EFA4029F5B8E200100DCE /* FirebaseFirestore */,
				EB4EFA4229F5B8E200100DCE /* FirebaseFirestoreSwift */,
			);
			productName = GroceryStoreFirebase;
			productReference = EB4EFA2829F5B5CF00100DCE /* GroceryStoreFirebase.app */;
			productType = "com.apple.product-type.application";
		};
/* End PBXNativeTarget section */

/* Begin PBXProject section */
		EB4EFA2029F5B5CF00100DCE /* Project object */ = {
			isa = PBXProject;
			attributes = {
				BuildIndependentTargetsInParallel = 1;
				LastSwiftUpdateCheck = 1430;
				LastUpgradeCheck = 1430;
				TargetAttributes = {
					EB4EFA2729F5B5CF00100DCE = {
						CreatedOnToolsVersion = 14.3;
					};
				};
			};
			buildConfigurationList = EB4EFA2329F5B5CF00100DCE /* Build configuration list for PBXProject "GroceryStoreFirebase" */;
			compatibilityVersion = "Xcode 14.0";
			developmentRegion = en;
			hasScannedForEncodings = 0;
			knownRegions = (
				en,
				Base,
			);
			mainGroup = EB4EFA1F29F5B5CF00100DCE;
			packageReferences = (
				EB4EFA3929F5B8E200100DCE /* XCRemoteSwiftPackageReference "firebase-ios-sdk" */,
			);
			productRefGroup = EB4EFA2929F5B5CF00100DCE /* Products */;
			projectDirPath = "";
			projectRoot = "";
			targets = (
				EB4EFA2729F5B5CF00100DCE /* GroceryStoreFirebase */,
			);
		};
/* End PBXProject section */

/* Begin PBXResourcesBuildPhase section */
		EB4EFA2629F5B5CF00100DCE /* Resources */ = {
			isa = PBXResourcesBuildPhase;
			buildActionMask = 2147483647;
			files = (
				EB4EFA3329F5B5D400100DCE /* Preview Assets.xcassets in Resources */,
				EB4EFA3029F5B5D400100DCE /* Assets.xcassets in Resources */,
				EB6EA2F129F947FA00B4C88C /* GoogleService-Info.plist in Resources */,
			);
			runOnlyForDeploymentPostprocessing = 0;
		};
/* End PBXResourcesBuildPhase section */

/* Begin PBXSourcesBuildPhase section */
		EB4EFA2429F5B5CF00100DCE /* Sources */ = {
			isa = PBXSourcesBuildPhase;
			buildActionMask = 2147483647;
			files = (
				EB4EFA4D29F676A600100DCE /* View+Extension.swift in Sources */,
				EB4EFA5329F6BDAF00100DCE /* FirestoreManager.swift in Sources */,
				EB4EFA5529F6C26A00100DCE /* AddStoreViewModel.swift in Sources */,
				EB4EFA2E29F5B5CF00100DCE /* ContentView.swift in Sources */,
				EB4EFA2C29F5B5CF00100DCE /* GroceryStoreFirebaseApp.swift in Sources */,
				EB4EFA4F29F676FF00100DCE /* Constants.swift in Sources */,
				EB4EFA5B29F6C60500100DCE /* AddStoreView.swift in Sources */,
				EB4EFA5129F679EE00100DCE /* StoreModel.swift in Sources */,
			);
			runOnlyForDeploymentPostprocessing = 0;
		};
/* End PBXSourcesBuildPhase section */

/* Begin XCBuildConfiguration section */
		EB4EFA3429F5B5D400100DCE /* Debug */ = {
			isa = XCBuildConfiguration;
			buildSettings = {
				ALWAYS_SEARCH_USER_PATHS = NO;
				CLANG_ANALYZER_NONNULL = YES;
				CLANG_ANALYZER_NUMBER_OBJECT_CONVERSION = YES_AGGRESSIVE;
				CLANG_CXX_LANGUAGE_STANDARD = "gnu++20";
				CLANG_ENABLE_MODULES = YES;
				CLANG_ENABLE_OBJC_ARC = YES;
				CLANG_ENABLE_OBJC_WEAK = YES;
				CLANG_WARN_BLOCK_CAPTURE_AUTORELEASING = YES;
				CLANG_WARN_BOOL_CONVERSION = YES;
				CLANG_WARN_COMMA = YES;
				CLANG_WARN_CONSTANT_CONVERSION = YES;
				CLANG_WARN_DEPRECATED_OBJC_IMPLEMENTATIONS = YES;
				CLANG_WARN_DIRECT_OBJC_ISA_USAGE = YES_ERROR;
				CLANG_WARN_DOCUMENTATION_COMMENTS = YES;
				CLANG_WARN_EMPTY_BODY = YES;
				CLANG_WARN_ENUM_CONVERSION = YES;
				CLANG_WARN_INFINITE_RECURSION = YES;
				CLANG_WARN_INT_CONVERSION = YES;
				CLANG_WARN_NON_LITERAL_NULL_CONVERSION = YES;
				CLANG_WARN_OBJC_IMPLICIT_RETAIN_SELF = YES;
				CLANG_WARN_OBJC_LITERAL_CONVERSION = YES;
				CLANG_WARN_OBJC_ROOT_CLASS = YES_ERROR;
				CLANG_WARN_QUOTED_INCLUDE_IN_FRAMEWORK_HEADER = YES;
				CLANG_WARN_RANGE_LOOP_ANALYSIS = YES;
				CLANG_WARN_STRICT_PROTOTYPES = YES;
				CLANG_WARN_SUSPICIOUS_MOVE = YES;
				CLANG_WARN_UNGUARDED_AVAILABILITY = YES_AGGRESSIVE;
				CLANG_WARN_UNREACHABLE_CODE = YES;
				CLANG_WARN__DUPLICATE_METHOD_MATCH = YES;
				COPY_PHASE_STRIP = NO;
				DEBUG_INFORMATION_FORMAT = dwarf;
				ENABLE_STRICT_OBJC_MSGSEND = YES;
				ENABLE_TESTABILITY = YES;
				GCC_C_LANGUAGE_STANDARD = gnu11;
				GCC_DYNAMIC_NO_PIC = NO;
				GCC_NO_COMMON_BLOCKS = YES;
				GCC_OPTIMIZATION_LEVEL = 0;
				GCC_PREPROCESSOR_DEFINITIONS = (
					"DEBUG=1",
					"$(inherited)",
				);
				GCC_WARN_64_TO_32_BIT_CONVERSION = YES;
				GCC_WARN_ABOUT_RETURN_TYPE = YES_ERROR;
				GCC_WARN_UNDECLARED_SELECTOR = YES;
				GCC_WARN_UNINITIALIZED_AUTOS = YES_AGGRESSIVE;
				GCC_WARN_UNUSED_FUNCTION = YES;
				GCC_WARN_UNUSED_VARIABLE = YES;
				IPHONEOS_DEPLOYMENT_TARGET = 16.4;
				MTL_ENABLE_DEBUG_INFO = INCLUDE_SOURCE;
				MTL_FAST_MATH = YES;
				ONLY_ACTIVE_ARCH = YES;
				SDKROOT = iphoneos;
				SWIFT_ACTIVE_COMPILATION_CONDITIONS = DEBUG;
				SWIFT_OPTIMIZATION_LEVEL = "-Onone";
			};
			name = Debug;
		};
		EB4EFA3529F5B5D400100DCE /* Release */ = {
			isa = XCBuildConfiguration;
			buildSettings = {
				ALWAYS_SEARCH_USER_PATHS = NO;
				CLANG_ANALYZER_NONNULL = YES;
				CLANG_ANALYZER_NUMBER_OBJECT_CONVERSION = YES_AGGRESSIVE;
				CLANG_CXX_LANGUAGE_STANDARD = "gnu++20";
				CLANG_ENABLE_MODULES = YES;
				CLANG_ENABLE_OBJC_ARC = YES;
				CLANG_ENABLE_OBJC_WEAK = YES;
				CLANG_WARN_BLOCK_CAPTURE_AUTORELEASING = YES;
				CLANG_WARN_BOOL_CONVERSION = YES;
				CLANG_WARN_COMMA = YES;
				CLANG_WARN_CONSTANT_CONVERSION = YES;
				CLANG_WARN_DEPRECATED_OBJC_IMPLEMENTATIONS = YES;
				CLANG_WARN_DIRECT_OBJC_ISA_USAGE = YES_ERROR;
				CLANG_WARN_DOCUMENTATION_COMMENTS = YES;
				CLANG_WARN_EMPTY_BODY = YES;
				CLANG_WARN_ENUM_CONVERSION = YES;
				CLANG_WARN_INFINITE_RECURSION = YES;
				CLANG_WARN_INT_CONVERSION = YES;
				CLANG_WARN_NON_LITERAL_NULL_CONVERSION = YES;
				CLANG_WARN_OBJC_IMPLICIT_RETAIN_SELF = YES;
				CLANG_WARN_OBJC_LITERAL_CONVERSION = YES;
				CLANG_WARN_OBJC_ROOT_CLASS = YES_ERROR;
				CLANG_WARN_QUOTED_INCLUDE_IN_FRAMEWORK_HEADER = YES;
				CLANG_WARN_RANGE_LOOP_ANALYSIS = YES;
				CLANG_WARN_STRICT_PROTOTYPES = YES;
				CLANG_WARN_SUSPICIOUS_MOVE = YES;
				CLANG_WARN_UNGUARDED_AVAILABILITY = YES_AGGRESSIVE;
				CLANG_WARN_UNREACHABLE_CODE = YES;
				CLANG_WARN__DUPLICATE_METHOD_MATCH = YES;
				COPY_PHASE_STRIP = NO;
				DEBUG_INFORMATION_FORMAT = "dwarf-with-dsym";
				ENABLE_NS_ASSERTIONS = NO;
				ENABLE_STRICT_OBJC_MSGSEND = YES;
				GCC_C_LANGUAGE_STANDARD = gnu11;
				GCC_NO_COMMON_BLOCKS = YES;
				GCC_WARN_64_TO_32_BIT_CONVERSION = YES;
				GCC_WARN_ABOUT_RETURN_TYPE = YES_ERROR;
				GCC_WARN_UNDECLARED_SELECTOR = YES;
				GCC_WARN_UNINITIALIZED_AUTOS = YES_AGGRESSIVE;
				GCC_WARN_UNUSED_FUNCTION = YES;
				GCC_WARN_UNUSED_VARIABLE = YES;
				IPHONEOS_DEPLOYMENT_TARGET = 16.4;
				MTL_ENABLE_DEBUG_INFO = NO;
				MTL_FAST_MATH = YES;
				SDKROOT = iphoneos;
				SWIFT_COMPILATION_MODE = wholemodule;
				SWIFT_OPTIMIZATION_LEVEL = "-O";
				VALIDATE_PRODUCT = YES;
			};
			name = Release;
		};
		EB4EFA3729F5B5D400100DCE /* Debug */ = {
			isa = XCBuildConfiguration;
			buildSettings = {
				ASSETCATALOG_COMPILER_APPICON_NAME = AppIcon;
				ASSETCATALOG_COMPILER_GLOBAL_ACCENT_COLOR_NAME = AccentColor;
				CODE_SIGN_STYLE = Automatic;
				CURRENT_PROJECT_VERSION = 1;
				DEVELOPMENT_ASSET_PATHS = "\"GroceryStoreFirebase/Preview Content\"";
				DEVELOPMENT_TEAM = WKR6YG78R4;
				ENABLE_PREVIEWS = YES;
				GENERATE_INFOPLIST_FILE = YES;
				INFOPLIST_KEY_UIApplicationSceneManifest_Generation = YES;
				INFOPLIST_KEY_UIApplicationSupportsIndirectInputEvents = YES;
				INFOPLIST_KEY_UILaunchScreen_Generation = YES;
				INFOPLIST_KEY_UISupportedInterfaceOrientations_iPad = "UIInterfaceOrientationPortrait UIInterfaceOrientationPortraitUpsideDown UIInterfaceOrientationLandscapeLeft UIInterfaceOrientationLandscapeRight";
				INFOPLIST_KEY_UISupportedInterfaceOrientations_iPhone = "UIInterfaceOrientationPortrait UIInterfaceOrientationLandscapeLeft UIInterfaceOrientationLandscapeRight";
				LD_RUNPATH_SEARCH_PATHS = (
					"$(inherited)",
					"@executable_path/Frameworks",
				);
				MARKETING_VERSION = 1.0;
				PRODUCT_BUNDLE_IDENTIFIER = ios.GroceryStoreFirebase;
				PRODUCT_NAME = "$(TARGET_NAME)";
				SWIFT_EMIT_LOC_STRINGS = YES;
				SWIFT_VERSION = 5.0;
				TARGETED_DEVICE_FAMILY = "1,2";
			};
			name = Debug;
		};
		EB4EFA3829F5B5D400100DCE /* Release */ = {
			isa = XCBuildConfiguration;
			buildSettings = {
				ASSETCATALOG_COMPILER_APPICON_NAME = AppIcon;
				ASSETCATALOG_COMPILER_GLOBAL_ACCENT_COLOR_NAME = AccentColor;
				CODE_SIGN_STYLE = Automatic;
				CURRENT_PROJECT_VERSION = 1;
				DEVELOPMENT_ASSET_PATHS = "\"GroceryStoreFirebase/Preview Content\"";
				DEVELOPMENT_TEAM = WKR6YG78R4;
				ENABLE_PREVIEWS = YES;
				GENERATE_INFOPLIST_FILE = YES;
				INFOPLIST_KEY_UIApplicationSceneManifest_Generation = YES;
				INFOPLIST_KEY_UIApplicationSupportsIndirectInputEvents = YES;
				INFOPLIST_KEY_UILaunchScreen_Generation = YES;
				INFOPLIST_KEY_UISupportedInterfaceOrientations_iPad = "UIInterfaceOrientationPortrait UIInterfaceOrientationPortraitUpsideDown UIInterfaceOrientationLandscapeLeft UIInterfaceOrientationLandscapeRight";
				INFOPLIST_KEY_UISupportedInterfaceOrientations_iPhone = "UIInterfaceOrientationPortrait UIInterfaceOrientationLandscapeLeft UIInterfaceOrientationLandscapeRight";
				LD_RUNPATH_SEARCH_PATHS = (
					"$(inherited)",
					"@executable_path/Frameworks",
				);
				MARKETING_VERSION = 1.0;
				PRODUCT_BUNDLE_IDENTIFIER = ios.GroceryStoreFirebase;
				PRODUCT_NAME = "$(TARGET_NAME)";
				SWIFT_EMIT_LOC_STRINGS = YES;
				SWIFT_VERSION = 5.0;
				TARGETED_DEVICE_FAMILY = "1,2";
			};
			name = Release;
		};
/* End XCBuildConfiguration section */

/* Begin XCConfigurationList section */
		EB4EFA2329F5B5CF00100DCE /* Build configuration list for PBXProject "GroceryStoreFirebase" */ = {
			isa = XCConfigurationList;
			buildConfigurations = (
				EB4EFA3429F5B5D400100DCE /* Debug */,
				EB4EFA3529F5B5D400100DCE /* Release */,
			);
			defaultConfigurationIsVisible = 0;
			defaultConfigurationName = Release;
		};
		EB4EFA3629F5B5D400100DCE /* Build configuration list for PBXNativeTarget "GroceryStoreFirebase" */ = {
			isa = XCConfigurationList;
			buildConfigurations = (
				EB4EFA3729F5B5D400100DCE /* Debug */,
				EB4EFA3829F5B5D400100DCE /* Release */,
			);
			defaultConfigurationIsVisible = 0;
			defaultConfigurationName = Release;
		};
/* End XCConfigurationList section */

/* Begin XCRemoteSwiftPackageReference section */
		EB4EFA3929F5B8E200100DCE /* XCRemoteSwiftPackageReference "firebase-ios-sdk" */ = {
			isa = XCRemoteSwiftPackageReference;
			repositoryURL = "https://github.com/firebase/firebase-ios-sdk.git";
			requirement = {
				kind = upToNextMajorVersion;
				minimumVersion = 10.0.0;
			};
		};
/* End XCRemoteSwiftPackageReference section */

/* Begin XCSwiftPackageProductDependency section */
		EB4EFA3A29F5B8E200100DCE /* FirebaseAnalytics */ = {
			isa = XCSwiftPackageProductDependency;
			package = EB4EFA3929F5B8E200100DCE /* XCRemoteSwiftPackageReference "firebase-ios-sdk" */;
			productName = FirebaseAnalytics;
		};
		EB4EFA3C29F5B8E200100DCE /* FirebaseAnalyticsSwift */ = {
			isa = XCSwiftPackageProductDependency;
			package = EB4EFA3929F5B8E200100DCE /* XCRemoteSwiftPackageReference "firebase-ios-sdk" */;
			productName = FirebaseAnalyticsSwift;
		};
		EB4EFA3E29F5B8E200100DCE /* FirebaseDatabase */ = {
			isa = XCSwiftPackageProductDependency;
			package = EB4EFA3929F5B8E200100DCE /* XCRemoteSwiftPackageReference "firebase-ios-sdk" */;
			productName = FirebaseDatabase;
		};
		EB4EFA4029F5B8E200100DCE /* FirebaseFirestore */ = {
			isa = XCSwiftPackageProductDependency;
			package = EB4EFA3929F5B8E200100DCE /* XCRemoteSwiftPackageReference "firebase-ios-sdk" */;
			productName = FirebaseFirestore;
		};
		EB4EFA4229F5B8E200100DCE /* FirebaseFirestoreSwift */ = {
			isa = XCSwiftPackageProductDependency;
			package = EB4EFA3929F5B8E200100DCE /* XCRemoteSwiftPackageReference "firebase-ios-sdk" */;
			productName = FirebaseFirestoreSwift;
		};
/* End XCSwiftPackageProductDependency section */
	};
	rootObject = EB4EFA2029F5B5CF00100DCE /* Project object */;
}
